// !$*UTF8*$!
{
	archiveVersion = 1;
	classes = {
	};
	objectVersion = 77;
	objects = {

/* Begin PBXBuildFile section */
		77DF586B2D83F74400D57B95 /* WidgetKit.framework in Frameworks */ = {isa = PBXBuildFile; fileRef = 77DF586A2D83F74400D57B95 /* WidgetKit.framework */; };
		77DF586D2D83F74400D57B95 /* SwiftUI.framework in Frameworks */ = {isa = PBXBuildFile; fileRef = 77DF586C2D83F74400D57B95 /* SwiftUI.framework */; };
		77DF587B2D83F74500D57B95 /* countdown-wExtension.appex in Embed Foundation Extensions */ = {isa = PBXBuildFile; fileRef = 77DF58682D83F74300D57B95 /* countdown-wExtension.appex */; settings = {ATTRIBUTES = (RemoveHeadersOnCopy, ); }; };
		77DF58872D83FA6600D57B95 /* WidgetKit.framework in Frameworks */ = {isa = PBXBuildFile; fileRef = 77DF586A2D83F74400D57B95 /* WidgetKit.framework */; };
		77DF58882D83FA6600D57B95 /* SwiftUI.framework in Frameworks */ = {isa = PBXBuildFile; fileRef = 77DF586C2D83F74400D57B95 /* SwiftUI.framework */; };
		77DF58942D83FA6700D57B95 /* countdown-w2Extension.appex in Embed Foundation Extensions */ = {isa = PBXBuildFile; fileRef = 77DF58862D83FA6600D57B95 /* countdown-w2Extension.appex */; settings = {ATTRIBUTES = (RemoveHeadersOnCopy, ); }; };
/* End PBXBuildFile section */

/* Begin PBXContainerItemProxy section */
		77DF58422D83EBF900D57B95 /* PBXContainerItemProxy */ = {
			isa = PBXContainerItemProxy;
			containerPortal = 77DF58282D83EBF800D57B95 /* Project object */;
			proxyType = 1;
			remoteGlobalIDString = 77DF582F2D83EBF800D57B95;
			remoteInfo = "countdown-widgets";
		};
		77DF584C2D83EBF900D57B95 /* PBXContainerItemProxy */ = {
			isa = PBXContainerItemProxy;
			containerPortal = 77DF58282D83EBF800D57B95 /* Project object */;
			proxyType = 1;
			remoteGlobalIDString = 77DF582F2D83EBF800D57B95;
			remoteInfo = "countdown-widgets";
		};
		77DF58792D83F74500D57B95 /* PBXContainerItemProxy */ = {
			isa = PBXContainerItemProxy;
			containerPortal = 77DF58282D83EBF800D57B95 /* Project object */;
			proxyType = 1;
			remoteGlobalIDString = 77DF58672D83F74300D57B95;
			remoteInfo = "countdown-wExtension";
		};
		77DF58922D83FA6700D57B95 /* PBXContainerItemProxy */ = {
			isa = PBXContainerItemProxy;
			containerPortal = 77DF58282D83EBF800D57B95 /* Project object */;
			proxyType = 1;
			remoteGlobalIDString = 77DF58852D83FA6600D57B95;
			remoteInfo = "countdown-w2Extension";
		};
/* End PBXContainerItemProxy section */

/* Begin PBXCopyFilesBuildPhase section */
		77DF58802D83F74500D57B95 /* Embed Foundation Extensions */ = {
			isa = PBXCopyFilesBuildPhase;
			buildActionMask = 2147483647;
			dstPath = "";
			dstSubfolderSpec = 13;
			files = (
				77DF587B2D83F74500D57B95 /* countdown-wExtension.appex in Embed Foundation Extensions */,
				77DF58942D83FA6700D57B95 /* countdown-w2Extension.appex in Embed Foundation Extensions */,
			);
			name = "Embed Foundation Extensions";
			runOnlyForDeploymentPostprocessing = 0;
		};
/* End PBXCopyFilesBuildPhase section */

/* Begin PBXFileReference section */
		77DF58302D83EBF800D57B95 /* countdown-widgets.app */ = {isa = PBXFileReference; explicitFileType = wrapper.application; includeInIndex = 0; path = "countdown-widgets.app"; sourceTree = BUILT_PRODUCTS_DIR; };
		77DF58412D83EBF900D57B95 /* countdown-widgetsTests.xctest */ = {isa = PBXFileReference; explicitFileType = wrapper.cfbundle; includeInIndex = 0; path = "countdown-widgetsTests.xctest"; sourceTree = BUILT_PRODUCTS_DIR; };
		77DF584B2D83EBF900D57B95 /* countdown-widgetsUITests.xctest */ = {isa = PBXFileReference; explicitFileType = wrapper.cfbundle; includeInIndex = 0; path = "countdown-widgetsUITests.xctest"; sourceTree = BUILT_PRODUCTS_DIR; };
		77DF58682D83F74300D57B95 /* countdown-wExtension.appex */ = {isa = PBXFileReference; explicitFileType = "wrapper.app-extension"; includeInIndex = 0; path = "countdown-wExtension.appex"; sourceTree = BUILT_PRODUCTS_DIR; };
		77DF586A2D83F74400D57B95 /* WidgetKit.framework */ = {isa = PBXFileReference; lastKnownFileType = wrapper.framework; name = WidgetKit.framework; path = System/Library/Frameworks/WidgetKit.framework; sourceTree = SDKROOT; };
		77DF586C2D83F74400D57B95 /* SwiftUI.framework */ = {isa = PBXFileReference; lastKnownFileType = wrapper.framework; name = SwiftUI.framework; path = System/Library/Frameworks/SwiftUI.framework; sourceTree = SDKROOT; };
		77DF58862D83FA6600D57B95 /* countdown-w2Extension.appex */ = {isa = PBXFileReference; explicitFileType = "wrapper.app-extension"; includeInIndex = 0; path = "countdown-w2Extension.appex"; sourceTree = BUILT_PRODUCTS_DIR; };
/* End PBXFileReference section */

/* Begin PBXFileSystemSynchronizedBuildFileExceptionSet section */
		77DF58952D83FA6700D57B95 /* Exceptions for "countdown-w2" folder in "countdown-w2Extension" target */ = {
			isa = PBXFileSystemSynchronizedBuildFileExceptionSet;
			membershipExceptions = (
				Info.plist,
			);
			target = 77DF58852D83FA6600D57B95 /* countdown-w2Extension */;
		};
/* End PBXFileSystemSynchronizedBuildFileExceptionSet section */

/* Begin PBXFileSystemSynchronizedRootGroup section */
		77DF58322D83EBF800D57B95 /* countdown-widgets */ = {
			isa = PBXFileSystemSynchronizedRootGroup;
			path = "countdown-widgets";
			sourceTree = "<group>";
		};
		77DF58442D83EBF900D57B95 /* countdown-widgetsTests */ = {
			isa = PBXFileSystemSynchronizedRootGroup;
			path = "countdown-widgetsTests";
			sourceTree = "<group>";
		};
		77DF584E2D83EBF900D57B95 /* countdown-widgetsUITests */ = {
			isa = PBXFileSystemSynchronizedRootGroup;
			path = "countdown-widgetsUITests";
			sourceTree = "<group>";
		};
		77DF58892D83FA6600D57B95 /* countdown-w2 */ = {
			isa = PBXFileSystemSynchronizedRootGroup;
			exceptions = (
				77DF58952D83FA6700D57B95 /* Exceptions for "countdown-w2" folder in "countdown-w2Extension" target */,
			);
			path = "countdown-w2";
			sourceTree = "<group>";
		};
/* End PBXFileSystemSynchronizedRootGroup section */

/* Begin PBXFrameworksBuildPhase section */
		77DF582D2D83EBF800D57B95 /* Frameworks */ = {
			isa = PBXFrameworksBuildPhase;
			buildActionMask = 2147483647;
			files = (
			);
			runOnlyForDeploymentPostprocessing = 0;
		};
		77DF583E2D83EBF900D57B95 /* Frameworks */ = {
			isa = PBXFrameworksBuildPhase;
			buildActionMask = 2147483647;
			files = (
			);
			runOnlyForDeploymentPostprocessing = 0;
		};
		77DF58482D83EBF900D57B95 /* Frameworks */ = {
			isa = PBXFrameworksBuildPhase;
			buildActionMask = 2147483647;
			files = (
			);
			runOnlyForDeploymentPostprocessing = 0;
		};
		77DF58652D83F74300D57B95 /* Frameworks */ = {
			isa = PBXFrameworksBuildPhase;
			buildActionMask = 2147483647;
			files = (
				77DF586D2D83F74400D57B95 /* SwiftUI.framework in Frameworks */,
				77DF586B2D83F74400D57B95 /* WidgetKit.framework in Frameworks */,
			);
			runOnlyForDeploymentPostprocessing = 0;
		};
		77DF58832D83FA6600D57B95 /* Frameworks */ = {
			isa = PBXFrameworksBuildPhase;
			buildActionMask = 2147483647;
			files = (
				77DF58882D83FA6600D57B95 /* SwiftUI.framework in Frameworks */,
				77DF58872D83FA6600D57B95 /* WidgetKit.framework in Frameworks */,
			);
			runOnlyForDeploymentPostprocessing = 0;
		};
/* End PBXFrameworksBuildPhase section */

/* Begin PBXGroup section */
		77DF58272D83EBF800D57B95 = {
			isa = PBXGroup;
			children = (
				77DF58322D83EBF800D57B95 /* countdown-widgets */,
				77DF58442D83EBF900D57B95 /* countdown-widgetsTests */,
				77DF584E2D83EBF900D57B95 /* countdown-widgetsUITests */,
				77DF58892D83FA6600D57B95 /* countdown-w2 */,
				77DF58692D83F74300D57B95 /* Frameworks */,
				77DF58312D83EBF800D57B95 /* Products */,
			);
			sourceTree = "<group>";
		};
		77DF58312D83EBF800D57B95 /* Products */ = {
			isa = PBXGroup;
			children = (
				77DF58302D83EBF800D57B95 /* countdown-widgets.app */,
				77DF58412D83EBF900D57B95 /* countdown-widgetsTests.xctest */,
				77DF584B2D83EBF900D57B95 /* countdown-widgetsUITests.xctest */,
				77DF58682D83F74300D57B95 /* countdown-wExtension.appex */,
				77DF58862D83FA6600D57B95 /* countdown-w2Extension.appex */,
			);
			name = Products;
			sourceTree = "<group>";
		};
		77DF58692D83F74300D57B95 /* Frameworks */ = {
			isa = PBXGroup;
			children = (
				77DF586A2D83F74400D57B95 /* WidgetKit.framework */,
				77DF586C2D83F74400D57B95 /* SwiftUI.framework */,
			);
			name = Frameworks;
			sourceTree = "<group>";
		};
/* End PBXGroup section */

/* Begin PBXNativeTarget section */
		77DF582F2D83EBF800D57B95 /* countdown-widgets */ = {
			isa = PBXNativeTarget;
			buildConfigurationList = 77DF58552D83EBF900D57B95 /* Build configuration list for PBXNativeTarget "countdown-widgets" */;
			buildPhases = (
				77DF582C2D83EBF800D57B95 /* Sources */,
				77DF582D2D83EBF800D57B95 /* Frameworks */,
				77DF582E2D83EBF800D57B95 /* Resources */,
				77DF58802D83F74500D57B95 /* Embed Foundation Extensions */,
			);
			buildRules = (
			);
			dependencies = (
				77DF587A2D83F74500D57B95 /* PBXTargetDependency */,
				77DF58932D83FA6700D57B95 /* PBXTargetDependency */,
			);
			fileSystemSynchronizedGroups = (
				77DF58322D83EBF800D57B95 /* countdown-widgets */,
			);
			name = "countdown-widgets";
			packageProductDependencies = (
			);
			productName = "countdown-widgets";
			productReference = 77DF58302D83EBF800D57B95 /* countdown-widgets.app */;
			productType = "com.apple.product-type.application";
		};
		77DF58402D83EBF900D57B95 /* countdown-widgetsTests */ = {
			isa = PBXNativeTarget;
			buildConfigurationList = 77DF58582D83EBF900D57B95 /* Build configuration list for PBXNativeTarget "countdown-widgetsTests" */;
			buildPhases = (
				77DF583D2D83EBF900D57B95 /* Sources */,
				77DF583E2D83EBF900D57B95 /* Frameworks */,
				77DF583F2D83EBF900D57B95 /* Resources */,
			);
			buildRules = (
			);
			dependencies = (
				77DF58432D83EBF900D57B95 /* PBXTargetDependency */,
			);
			fileSystemSynchronizedGroups = (
				77DF58442D83EBF900D57B95 /* countdown-widgetsTests */,
			);
			name = "countdown-widgetsTests";
			packageProductDependencies = (
			);
			productName = "countdown-widgetsTests";
			productReference = 77DF58412D83EBF900D57B95 /* countdown-widgetsTests.xctest */;
			productType = "com.apple.product-type.bundle.unit-test";
		};
		77DF584A2D83EBF900D57B95 /* countdown-widgetsUITests */ = {
			isa = PBXNativeTarget;
			buildConfigurationList = 77DF585B2D83EBF900D57B95 /* Build configuration list for PBXNativeTarget "countdown-widgetsUITests" */;
			buildPhases = (
				77DF58472D83EBF900D57B95 /* Sources */,
				77DF58482D83EBF900D57B95 /* Frameworks */,
				77DF58492D83EBF900D57B95 /* Resources */,
			);
			buildRules = (
			);
			dependencies = (
				77DF584D2D83EBF900D57B95 /* PBXTargetDependency */,
			);
			fileSystemSynchronizedGroups = (
				77DF584E2D83EBF900D57B95 /* countdown-widgetsUITests */,
			);
			name = "countdown-widgetsUITests";
			packageProductDependencies = (
			);
			productName = "countdown-widgetsUITests";
			productReference = 77DF584B2D83EBF900D57B95 /* countdown-widgetsUITests.xctest */;
			productType = "com.apple.product-type.bundle.ui-testing";
		};
		77DF58672D83F74300D57B95 /* countdown-wExtension */ = {
			isa = PBXNativeTarget;
			buildConfigurationList = 77DF587D2D83F74500D57B95 /* Build configuration list for PBXNativeTarget "countdown-wExtension" */;
			buildPhases = (
				77DF58642D83F74300D57B95 /* Sources */,
				77DF58652D83F74300D57B95 /* Frameworks */,
				77DF58662D83F74300D57B95 /* Resources */,
			);
			buildRules = (
			);
			dependencies = (
			);
			name = "countdown-wExtension";
			packageProductDependencies = (
			);
			productName = "countdown-wExtension";
			productReference = 77DF58682D83F74300D57B95 /* countdown-wExtension.appex */;
			productType = "com.apple.product-type.app-extension";
		};
		77DF58852D83FA6600D57B95 /* countdown-w2Extension */ = {
			isa = PBXNativeTarget;
			buildConfigurationList = 77DF58962D83FA6700D57B95 /* Build configuration list for PBXNativeTarget "countdown-w2Extension" */;
			buildPhases = (
				77DF58822D83FA6600D57B95 /* Sources */,
				77DF58832D83FA6600D57B95 /* Frameworks */,
				77DF58842D83FA6600D57B95 /* Resources */,
			);
			buildRules = (
			);
			dependencies = (
			);
			fileSystemSynchronizedGroups = (
				77DF58892D83FA6600D57B95 /* countdown-w2 */,
			);
			name = "countdown-w2Extension";
			packageProductDependencies = (
			);
			productName = "countdown-w2Extension";
			productReference = 77DF58862D83FA6600D57B95 /* countdown-w2Extension.appex */;
			productType = "com.apple.product-type.app-extension";
		};
/* End PBXNativeTarget section */

/* Begin PBXProject section */
		77DF58282D83EBF800D57B95 /* Project object */ = {
			isa = PBXProject;
			attributes = {
				BuildIndependentTargetsInParallel = 1;
				LastSwiftUpdateCheck = 1620;
				LastUpgradeCheck = 1620;
				TargetAttributes = {
					77DF582F2D83EBF800D57B95 = {
						CreatedOnToolsVersion = 16.2;
					};
					77DF58402D83EBF900D57B95 = {
						CreatedOnToolsVersion = 16.2;
						TestTargetID = 77DF582F2D83EBF800D57B95;
					};
					77DF584A2D83EBF900D57B95 = {
						CreatedOnToolsVersion = 16.2;
						TestTargetID = 77DF582F2D83EBF800D57B95;
					};
					77DF58672D83F74300D57B95 = {
						CreatedOnToolsVersion = 16.2;
					};
					77DF58852D83FA6600D57B95 = {
						CreatedOnToolsVersion = 16.2;
					};
				};
			};
			buildConfigurationList = 77DF582B2D83EBF800D57B95 /* Build configuration list for PBXProject "countdown-widgets" */;
			developmentRegion = en;
			hasScannedForEncodings = 0;
			knownRegions = (
				en,
				Base,
			);
			mainGroup = 77DF58272D83EBF800D57B95;
			minimizedProjectReferenceProxies = 1;
			preferredProjectObjectVersion = 77;
			productRefGroup = 77DF58312D83EBF800D57B95 /* Products */;
			projectDirPath = "";
			projectRoot = "";
			targets = (
				77DF582F2D83EBF800D57B95 /* countdown-widgets */,
				77DF58402D83EBF900D57B95 /* countdown-widgetsTests */,
				77DF584A2D83EBF900D57B95 /* countdown-widgetsUITests */,
				77DF58672D83F74300D57B95 /* countdown-wExtension */,
				77DF58852D83FA6600D57B95 /* countdown-w2Extension */,
			);
		};
/* End PBXProject section */

/* Begin PBXResourcesBuildPhase section */
		77DF582E2D83EBF800D57B95 /* Resources */ = {
			isa = PBXResourcesBuildPhase;
			buildActionMask = 2147483647;
			files = (
			);
			runOnlyForDeploymentPostprocessing = 0;
		};
		77DF583F2D83EBF900D57B95 /* Resources */ = {
			isa = PBXResourcesBuildPhase;
			buildActionMask = 2147483647;
			files = (
			);
			runOnlyForDeploymentPostprocessing = 0;
		};
		77DF58492D83EBF900D57B95 /* Resources */ = {
			isa = PBXResourcesBuildPhase;
			buildActionMask = 2147483647;
			files = (
			);
			runOnlyForDeploymentPostprocessing = 0;
		};
		77DF58662D83F74300D57B95 /* Resources */ = {
			isa = PBXResourcesBuildPhase;
			buildActionMask = 2147483647;
			files = (
			);
			runOnlyForDeploymentPostprocessing = 0;
		};
		77DF58842D83FA6600D57B95 /* Resources */ = {
			isa = PBXResourcesBuildPhase;
			buildActionMask = 2147483647;
			files = (
			);
			runOnlyForDeploymentPostprocessing = 0;
		};
/* End PBXResourcesBuildPhase section */

/* Begin PBXSourcesBuildPhase section */
		77DF582C2D83EBF800D57B95 /* Sources */ = {
			isa = PBXSourcesBuildPhase;
			buildActionMask = 2147483647;
			files = (
			);
			runOnlyForDeploymentPostprocessing = 0;
		};
		77DF583D2D83EBF900D57B95 /* Sources */ = {
			isa = PBXSourcesBuildPhase;
			buildActionMask = 2147483647;
			files = (
			);
			runOnlyForDeploymentPostprocessing = 0;
		};
		77DF58472D83EBF900D57B95 /* Sources */ = {
			isa = PBXSourcesBuildPhase;
			buildActionMask = 2147483647;
			files = (
			);
			runOnlyForDeploymentPostprocessing = 0;
		};
		77DF58642D83F74300D57B95 /* Sources */ = {
			isa = PBXSourcesBuildPhase;
			buildActionMask = 2147483647;
			files = (
			);
			runOnlyForDeploymentPostprocessing = 0;
		};
		77DF58822D83FA6600D57B95 /* Sources */ = {
			isa = PBXSourcesBuildPhase;
			buildActionMask = 2147483647;
			files = (
			);
			runOnlyForDeploymentPostprocessing = 0;
		};
/* End PBXSourcesBuildPhase section */

/* Begin PBXTargetDependency section */
		77DF58432D83EBF900D57B95 /* PBXTargetDependency */ = {
			isa = PBXTargetDependency;
			target = 77DF582F2D83EBF800D57B95 /* countdown-widgets */;
			targetProxy = 77DF58422D83EBF900D57B95 /* PBXContainerItemProxy */;
		};
		77DF584D2D83EBF900D57B95 /* PBXTargetDependency */ = {
			isa = PBXTargetDependency;
			target = 77DF582F2D83EBF800D57B95 /* countdown-widgets */;
			targetProxy = 77DF584C2D83EBF900D57B95 /* PBXContainerItemProxy */;
		};
		77DF587A2D83F74500D57B95 /* PBXTargetDependency */ = {
			isa = PBXTargetDependency;
			target = 77DF58672D83F74300D57B95 /* countdown-wExtension */;
			targetProxy = 77DF58792D83F74500D57B95 /* PBXContainerItemProxy */;
		};
		77DF58932D83FA6700D57B95 /* PBXTargetDependency */ = {
			isa = PBXTargetDependency;
			target = 77DF58852D83FA6600D57B95 /* countdown-w2Extension */;
			targetProxy = 77DF58922D83FA6700D57B95 /* PBXContainerItemProxy */;
		};
/* End PBXTargetDependency section */

/* Begin XCBuildConfiguration section */
		77DF58532D83EBF900D57B95 /* Debug */ = {
			isa = XCBuildConfiguration;
			buildSettings = {
				ALWAYS_SEARCH_USER_PATHS = NO;
				ASSETCATALOG_COMPILER_GENERATE_SWIFT_ASSET_SYMBOL_EXTENSIONS = YES;
				CLANG_ANALYZER_NONNULL = YES;
				CLANG_ANALYZER_NUMBER_OBJECT_CONVERSION = YES_AGGRESSIVE;
				CLANG_CXX_LANGUAGE_STANDARD = "gnu++20";
				CLANG_ENABLE_MODULES = YES;
				CLANG_ENABLE_OBJC_ARC = YES;
				CLANG_ENABLE_OBJC_WEAK = YES;
				CLANG_WARN_BLOCK_CAPTURE_AUTORELEASING = YES;
				CLANG_WARN_BOOL_CONVERSION = YES;
				CLANG_WARN_COMMA = YES;
				CLANG_WARN_CONSTANT_CONVERSION = YES;
				CLANG_WARN_DEPRECATED_OBJC_IMPLEMENTATIONS = YES;
				CLANG_WARN_DIRECT_OBJC_ISA_USAGE = YES_ERROR;
				CLANG_WARN_DOCUMENTATION_COMMENTS = YES;
				CLANG_WARN_EMPTY_BODY = YES;
				CLANG_WARN_ENUM_CONVERSION = YES;
				CLANG_WARN_INFINITE_RECURSION = YES;
				CLANG_WARN_INT_CONVERSION = YES;
				CLANG_WARN_NON_LITERAL_NULL_CONVERSION = YES;
				CLANG_WARN_OBJC_IMPLICIT_RETAIN_SELF = YES;
				CLANG_WARN_OBJC_LITERAL_CONVERSION = YES;
				CLANG_WARN_OBJC_ROOT_CLASS = YES_ERROR;
				CLANG_WARN_QUOTED_INCLUDE_IN_FRAMEWORK_HEADER = YES;
				CLANG_WARN_RANGE_LOOP_ANALYSIS = YES;
				CLANG_WARN_STRICT_PROTOTYPES = YES;
				CLANG_WARN_SUSPICIOUS_MOVE = YES;
				CLANG_WARN_UNGUARDED_AVAILABILITY = YES_AGGRESSIVE;
				CLANG_WARN_UNREACHABLE_CODE = YES;
				CLANG_WARN__DUPLICATE_METHOD_MATCH = YES;
				COPY_PHASE_STRIP = NO;
				DEBUG_INFORMATION_FORMAT = dwarf;
				ENABLE_STRICT_OBJC_MSGSEND = YES;
				ENABLE_TESTABILITY = YES;
				ENABLE_USER_SCRIPT_SANDBOXING = YES;
				GCC_C_LANGUAGE_STANDARD = gnu17;
				GCC_DYNAMIC_NO_PIC = NO;
				GCC_NO_COMMON_BLOCKS = YES;
				GCC_OPTIMIZATION_LEVEL = 0;
				GCC_PREPROCESSOR_DEFINITIONS = (
					"DEBUG=1",
					"$(inherited)",
				);
				GCC_WARN_64_TO_32_BIT_CONVERSION = YES;
				GCC_WARN_ABOUT_RETURN_TYPE = YES_ERROR;
				GCC_WARN_UNDECLARED_SELECTOR = YES;
				GCC_WARN_UNINITIALIZED_AUTOS = YES_AGGRESSIVE;
				GCC_WARN_UNUSED_FUNCTION = YES;
				GCC_WARN_UNUSED_VARIABLE = YES;
				LOCALIZATION_PREFERS_STRING_CATALOGS = YES;
				MACOSX_DEPLOYMENT_TARGET = 15.2;
				MTL_ENABLE_DEBUG_INFO = INCLUDE_SOURCE;
				MTL_FAST_MATH = YES;
				ONLY_ACTIVE_ARCH = YES;
				SDKROOT = macosx;
				SWIFT_ACTIVE_COMPILATION_CONDITIONS = "DEBUG $(inherited)";
				SWIFT_OPTIMIZATION_LEVEL = "-Onone";
			};
			name = Debug;
		};
		77DF58542D83EBF900D57B95 /* Release */ = {
			isa = XCBuildConfiguration;
			buildSettings = {
				ALWAYS_SEARCH_USER_PATHS = NO;
				ASSETCATALOG_COMPILER_GENERATE_SWIFT_ASSET_SYMBOL_EXTENSIONS = YES;
				CLANG_ANALYZER_NONNULL = YES;
				CLANG_ANALYZER_NUMBER_OBJECT_CONVERSION = YES_AGGRESSIVE;
				CLANG_CXX_LANGUAGE_STANDARD = "gnu++20";
				CLANG_ENABLE_MODULES = YES;
				CLANG_ENABLE_OBJC_ARC = YES;
				CLANG_ENABLE_OBJC_WEAK = YES;
				CLANG_WARN_BLOCK_CAPTURE_AUTORELEASING = YES;
				CLANG_WARN_BOOL_CONVERSION = YES;
				CLANG_WARN_COMMA = YES;
				CLANG_WARN_CONSTANT_CONVERSION = YES;
				CLANG_WARN_DEPRECATED_OBJC_IMPLEMENTATIONS = YES;
				CLANG_WARN_DIRECT_OBJC_ISA_USAGE = YES_ERROR;
				CLANG_WARN_DOCUMENTATION_COMMENTS = YES;
				CLANG_WARN_EMPTY_BODY = YES;
				CLANG_WARN_ENUM_CONVERSION = YES;
				CLANG_WARN_INFINITE_RECURSION = YES;
				CLANG_WARN_INT_CONVERSION = YES;
				CLANG_WARN_NON_LITERAL_NULL_CONVERSION = YES;
				CLANG_WARN_OBJC_IMPLICIT_RETAIN_SELF = YES;
				CLANG_WARN_OBJC_LITERAL_CONVERSION = YES;
				CLANG_WARN_OBJC_ROOT_CLASS = YES_ERROR;
				CLANG_WARN_QUOTED_INCLUDE_IN_FRAMEWORK_HEADER = YES;
				CLANG_WARN_RANGE_LOOP_ANALYSIS = YES;
				CLANG_WARN_STRICT_PROTOTYPES = YES;
				CLANG_WARN_SUSPICIOUS_MOVE = YES;
				CLANG_WARN_UNGUARDED_AVAILABILITY = YES_AGGRESSIVE;
				CLANG_WARN_UNREACHABLE_CODE = YES;
				CLANG_WARN__DUPLICATE_METHOD_MATCH = YES;
				COPY_PHASE_STRIP = NO;
				DEBUG_INFORMATION_FORMAT = "dwarf-with-dsym";
				ENABLE_NS_ASSERTIONS = NO;
				ENABLE_STRICT_OBJC_MSGSEND = YES;
				ENABLE_USER_SCRIPT_SANDBOXING = YES;
				GCC_C_LANGUAGE_STANDARD = gnu17;
				GCC_NO_COMMON_BLOCKS = YES;
				GCC_WARN_64_TO_32_BIT_CONVERSION = YES;
				GCC_WARN_ABOUT_RETURN_TYPE = YES_ERROR;
				GCC_WARN_UNDECLARED_SELECTOR = YES;
				GCC_WARN_UNINITIALIZED_AUTOS = YES_AGGRESSIVE;
				GCC_WARN_UNUSED_FUNCTION = YES;
				GCC_WARN_UNUSED_VARIABLE = YES;
				LOCALIZATION_PREFERS_STRING_CATALOGS = YES;
				MACOSX_DEPLOYMENT_TARGET = 15.2;
				MTL_ENABLE_DEBUG_INFO = NO;
				MTL_FAST_MATH = YES;
				SDKROOT = macosx;
				SWIFT_COMPILATION_MODE = wholemodule;
			};
			name = Release;
		};
		77DF58562D83EBF900D57B95 /* Debug */ = {
			isa = XCBuildConfiguration;
			buildSettings = {
				ASSETCATALOG_COMPILER_APPICON_NAME = AppIcon;
				ASSETCATALOG_COMPILER_GLOBAL_ACCENT_COLOR_NAME = AccentColor;
				CODE_SIGN_ENTITLEMENTS = "countdown-widgets/countdown_widgets.entitlements";
				CODE_SIGN_STYLE = Automatic;
				COMBINE_HIDPI_IMAGES = YES;
				CURRENT_PROJECT_VERSION = 1;
				DEVELOPMENT_ASSET_PATHS = "\"countdown-widgets/Preview Content\"";
				DEVELOPMENT_TEAM = RFU2AU38ZS;
				ENABLE_HARDENED_RUNTIME = YES;
				ENABLE_PREVIEWS = YES;
				GENERATE_INFOPLIST_FILE = YES;
				INFOPLIST_KEY_NSHumanReadableCopyright = "";
				LD_RUNPATH_SEARCH_PATHS = (
					"$(inherited)",
					"@executable_path/../Frameworks",
				);
				MARKETING_VERSION = 1.0;
				PRODUCT_BUNDLE_IDENTIFIER = "com.yingxu.countdown-widgets";
				PRODUCT_NAME = "$(TARGET_NAME)";
				SWIFT_EMIT_LOC_STRINGS = YES;
				SWIFT_VERSION = 5.0;
			};
			name = Debug;
		};
		77DF58572D83EBF900D57B95 /* Release */ = {
			isa = XCBuildConfiguration;
			buildSettings = {
				ASSETCATALOG_COMPILER_APPICON_NAME = AppIcon;
				ASSETCATALOG_COMPILER_GLOBAL_ACCENT_COLOR_NAME = AccentColor;
				CODE_SIGN_ENTITLEMENTS = "countdown-widgets/countdown_widgets.entitlements";
				CODE_SIGN_STYLE = Automatic;
				COMBINE_HIDPI_IMAGES = YES;
				CURRENT_PROJECT_VERSION = 1;
				DEVELOPMENT_ASSET_PATHS = "\"countdown-widgets/Preview Content\"";
				DEVELOPMENT_TEAM = RFU2AU38ZS;
				ENABLE_HARDENED_RUNTIME = YES;
				ENABLE_PREVIEWS = YES;
				GENERATE_INFOPLIST_FILE = YES;
				INFOPLIST_KEY_NSHumanReadableCopyright = "";
				LD_RUNPATH_SEARCH_PATHS = (
					"$(inherited)",
					"@executable_path/../Frameworks",
				);
				MARKETING_VERSION = 1.0;
				PRODUCT_BUNDLE_IDENTIFIER = "com.yingxu.countdown-widgets";
				PRODUCT_NAME = "$(TARGET_NAME)";
				SWIFT_EMIT_LOC_STRINGS = YES;
				SWIFT_VERSION = 5.0;
			};
			name = Release;
		};
		77DF58592D83EBF900D57B95 /* Debug */ = {
			isa = XCBuildConfiguration;
			buildSettings = {
				BUNDLE_LOADER = "$(TEST_HOST)";
				CODE_SIGN_STYLE = Automatic;
				CURRENT_PROJECT_VERSION = 1;
				DEVELOPMENT_TEAM = RFU2AU38ZS;
				GENERATE_INFOPLIST_FILE = YES;
				MACOSX_DEPLOYMENT_TARGET = 15.2;
				MARKETING_VERSION = 1.0;
				PRODUCT_BUNDLE_IDENTIFIER = "com.yingxu.countdown-widgetsTests";
				PRODUCT_NAME = "$(TARGET_NAME)";
				SWIFT_EMIT_LOC_STRINGS = NO;
				SWIFT_VERSION = 5.0;
				TEST_HOST = "$(BUILT_PRODUCTS_DIR)/countdown-widgets.app/$(BUNDLE_EXECUTABLE_FOLDER_PATH)/countdown-widgets";
			};
			name = Debug;
		};
		77DF585A2D83EBF900D57B95 /* Release */ = {
			isa = XCBuildConfiguration;
			buildSettings = {
				BUNDLE_LOADER = "$(TEST_HOST)";
				CODE_SIGN_STYLE = Automatic;
				CURRENT_PROJECT_VERSION = 1;
				DEVELOPMENT_TEAM = RFU2AU38ZS;
				GENERATE_INFOPLIST_FILE = YES;
				MACOSX_DEPLOYMENT_TARGET = 15.2;
				MARKETING_VERSION = 1.0;
				PRODUCT_BUNDLE_IDENTIFIER = "com.yingxu.countdown-widgetsTests";
				PRODUCT_NAME = "$(TARGET_NAME)";
				SWIFT_EMIT_LOC_STRINGS = NO;
				SWIFT_VERSION = 5.0;
				TEST_HOST = "$(BUILT_PRODUCTS_DIR)/countdown-widgets.app/$(BUNDLE_EXECUTABLE_FOLDER_PATH)/countdown-widgets";
			};
			name = Release;
		};
		77DF585C2D83EBF900D57B95 /* Debug */ = {
			isa = XCBuildConfiguration;
			buildSettings = {
				CODE_SIGN_STYLE = Automatic;
				CURRENT_PROJECT_VERSION = 1;
				DEVELOPMENT_TEAM = RFU2AU38ZS;
				GENERATE_INFOPLIST_FILE = YES;
				MARKETING_VERSION = 1.0;
				PRODUCT_BUNDLE_IDENTIFIER = "com.yingxu.countdown-widgetsUITests";
				PRODUCT_NAME = "$(TARGET_NAME)";
				SWIFT_EMIT_LOC_STRINGS = NO;
				SWIFT_VERSION = 5.0;
				TEST_TARGET_NAME = "countdown-widgets";
			};
			name = Debug;
		};
		77DF585D2D83EBF900D57B95 /* Release */ = {
			isa = XCBuildConfiguration;
			buildSettings = {
				CODE_SIGN_STYLE = Automatic;
				CURRENT_PROJECT_VERSION = 1;
				DEVELOPMENT_TEAM = RFU2AU38ZS;
				GENERATE_INFOPLIST_FILE = YES;
				MARKETING_VERSION = 1.0;
				PRODUCT_BUNDLE_IDENTIFIER = "com.yingxu.countdown-widgetsUITests";
				PRODUCT_NAME = "$(TARGET_NAME)";
				SWIFT_EMIT_LOC_STRINGS = NO;
				SWIFT_VERSION = 5.0;
				TEST_TARGET_NAME = "countdown-widgets";
			};
			name = Release;
		};
		77DF587E2D83F74500D57B95 /* Debug */ = {
			isa = XCBuildConfiguration;
			buildSettings = {
				ASSETCATALOG_COMPILER_GLOBAL_ACCENT_COLOR_NAME = AccentColor;
				ASSETCATALOG_COMPILER_WIDGET_BACKGROUND_COLOR_NAME = WidgetBackground;
				CODE_SIGN_ENTITLEMENTS = "countdown-w/countdown_w.entitlements";
				CODE_SIGN_STYLE = Automatic;
				CURRENT_PROJECT_VERSION = 1;
				DEVELOPMENT_TEAM = RFU2AU38ZS;
				ENABLE_HARDENED_RUNTIME = YES;
				GENERATE_INFOPLIST_FILE = YES;
				INFOPLIST_FILE = "countdown-w/Info.plist";
				INFOPLIST_KEY_CFBundleDisplayName = "countdown-w";
				INFOPLIST_KEY_NSHumanReadableCopyright = "";
				LD_RUNPATH_SEARCH_PATHS = (
					"$(inherited)",
					"@executable_path/../Frameworks",
					"@executable_path/../../../../Frameworks",
				);
				MACOSX_DEPLOYMENT_TARGET = 14.0;
				MARKETING_VERSION = 1.0;
				PRODUCT_BUNDLE_IDENTIFIER = "com.yingxu.countdown-widgets.countdown-w";
				PRODUCT_NAME = "$(TARGET_NAME)";
				SKIP_INSTALL = YES;
				SWIFT_EMIT_LOC_STRINGS = YES;
				SWIFT_VERSION = 5.0;
			};
			name = Debug;
		};
		77DF587F2D83F74500D57B95 /* Release */ = {
			isa = XCBuildConfiguration;
			buildSettings = {
				ASSETCATALOG_COMPILER_GLOBAL_ACCENT_COLOR_NAME = AccentColor;
				ASSETCATALOG_COMPILER_WIDGET_BACKGROUND_COLOR_NAME = WidgetBackground;
				CODE_SIGN_ENTITLEMENTS = "countdown-w/countdown_w.entitlements";
				CODE_SIGN_STYLE = Automatic;
				CURRENT_PROJECT_VERSION = 1;
				DEVELOPMENT_TEAM = RFU2AU38ZS;
				ENABLE_HARDENED_RUNTIME = YES;
				GENERATE_INFOPLIST_FILE = YES;
				INFOPLIST_FILE = "countdown-w/Info.plist";
				INFOPLIST_KEY_CFBundleDisplayName = "countdown-w";
				INFOPLIST_KEY_NSHumanReadableCopyright = "";
				LD_RUNPATH_SEARCH_PATHS = (
					"$(inherited)",
					"@executable_path/../Frameworks",
					"@executable_path/../../../../Frameworks",
				);
				MACOSX_DEPLOYMENT_TARGET = 14.0;
				MARKETING_VERSION = 1.0;
				PRODUCT_BUNDLE_IDENTIFIER = "com.yingxu.countdown-widgets.countdown-w";
				PRODUCT_NAME = "$(TARGET_NAME)";
				SKIP_INSTALL = YES;
				SWIFT_EMIT_LOC_STRINGS = YES;
				SWIFT_VERSION = 5.0;
			};
			name = Release;
		};
		77DF58972D83FA6700D57B95 /* Debug */ = {
			isa = XCBuildConfiguration;
			buildSettings = {
				ASSETCATALOG_COMPILER_GLOBAL_ACCENT_COLOR_NAME = AccentColor;
				ASSETCATALOG_COMPILER_WIDGET_BACKGROUND_COLOR_NAME = WidgetBackground;
				CODE_SIGN_ENTITLEMENTS = "countdown-w2/countdown_w2.entitlements";
				CODE_SIGN_STYLE = Automatic;
				CURRENT_PROJECT_VERSION = 1;
				DEVELOPMENT_TEAM = RFU2AU38ZS;
				ENABLE_HARDENED_RUNTIME = YES;
				GENERATE_INFOPLIST_FILE = YES;
				INFOPLIST_FILE = "countdown-w2/Info.plist";
				INFOPLIST_KEY_CFBundleDisplayName = "countdown-w2";
				INFOPLIST_KEY_NSHumanReadableCopyright = "";
				LD_RUNPATH_SEARCH_PATHS = (
					"$(inherited)",
					"@executable_path/../Frameworks",
					"@executable_path/../../../../Frameworks",
				);
				MARKETING_VERSION = 1.0;
				PRODUCT_BUNDLE_IDENTIFIER = "com.yingxu.countdown-widgets.countdown-w2";
				PRODUCT_NAME = "$(TARGET_NAME)";
				SKIP_INSTALL = YES;
				SWIFT_EMIT_LOC_STRINGS = YES;
				SWIFT_VERSION = 5.0;
			};
			name = Debug;
		};
		77DF58982D83FA6700D57B95 /* Release */ = {
			isa = XCBuildConfiguration;
			buildSettings = {
				ASSETCATALOG_COMPILER_GLOBAL_ACCENT_COLOR_NAME = AccentColor;
				ASSETCATALOG_COMPILER_WIDGET_BACKGROUND_COLOR_NAME = WidgetBackground;
				CODE_SIGN_ENTITLEMENTS = "countdown-w2/countdown_w2.entitlements";
				CODE_SIGN_STYLE = Automatic;
				CURRENT_PROJECT_VERSION = 1;
				DEVELOPMENT_TEAM = RFU2AU38ZS;
				ENABLE_HARDENED_RUNTIME = YES;
				GENERATE_INFOPLIST_FILE = YES;
				INFOPLIST_FILE = "countdown-w2/Info.plist";
				INFOPLIST_KEY_CFBundleDisplayName = "countdown-w2";
				INFOPLIST_KEY_NSHumanReadableCopyright = "";
				LD_RUNPATH_SEARCH_PATHS = (
					"$(inherited)",
					"@executable_path/../Frameworks",
					"@executable_path/../../../../Frameworks",
				);
				MARKETING_VERSION = 1.0;
				PRODUCT_BUNDLE_IDENTIFIER = "com.yingxu.countdown-widgets.countdown-w2";
				PRODUCT_NAME = "$(TARGET_NAME)";
				SKIP_INSTALL = YES;
				SWIFT_EMIT_LOC_STRINGS = YES;
				SWIFT_VERSION = 5.0;
			};
			name = Release;
		};
/* End XCBuildConfiguration section */

/* Begin XCConfigurationList section */
		77DF582B2D83EBF800D57B95 /* Build configuration list for PBXProject "countdown-widgets" */ = {
			isa = XCConfigurationList;
			buildConfigurations = (
				77DF58532D83EBF900D57B95 /* Debug */,
				77DF58542D83EBF900D57B95 /* Release */,
			);
			defaultConfigurationIsVisible = 0;
			defaultConfigurationName = Release;
		};
		77DF58552D83EBF900D57B95 /* Build configuration list for PBXNativeTarget "countdown-widgets" */ = {
			isa = XCConfigurationList;
			buildConfigurations = (
				77DF58562D83EBF900D57B95 /* Debug */,
				77DF58572D83EBF900D57B95 /* Release */,
			);
			defaultConfigurationIsVisible = 0;
			defaultConfigurationName = Release;
		};
		77DF58582D83EBF900D57B95 /* Build configuration list for PBXNativeTarget "countdown-widgetsTests" */ = {
			isa = XCConfigurationList;
			buildConfigurations = (
				77DF58592D83EBF900D57B95 /* Debug */,
				77DF585A2D83EBF900D57B95 /* Release */,
			);
			defaultConfigurationIsVisible = 0;
			defaultConfigurationName = Release;
		};
		77DF585B2D83EBF900D57B95 /* Build configuration list for PBXNativeTarget "countdown-widgetsUITests" */ = {
			isa = XCConfigurationList;
			buildConfigurations = (
				77DF585C2D83EBF900D57B95 /* Debug */,
				77DF585D2D83EBF900D57B95 /* Release */,
			);
			defaultConfigurationIsVisible = 0;
			defaultConfigurationName = Release;
		};
		77DF587D2D83F74500D57B95 /* Build configuration list for PBXNativeTarget "countdown-wExtension" */ = {
			isa = XCConfigurationList;
			buildConfigurations = (
				77DF587E2D83F74500D57B95 /* Debug */,
				77DF587F2D83F74500D57B95 /* Release */,
			);
			defaultConfigurationIsVisible = 0;
			defaultConfigurationName = Release;
		};
		77DF58962D83FA6700D57B95 /* Build configuration list for PBXNativeTarget "countdown-w2Extension" */ = {
			isa = XCConfigurationList;
			buildConfigurations = (
				77DF58972D83FA6700D57B95 /* Debug */,
				77DF58982D83FA6700D57B95 /* Release */,
			);
			defaultConfigurationIsVisible = 0;
			defaultConfigurationName = Release;
		};
/* End XCConfigurationList section */
	};
	rootObject = 77DF58282D83EBF800D57B95 /* Project object */;
}
